
Microsoft Visual Studio Solution File, Format Version 12.00
# Visual Studio Version 17
VisualStudioVersion = 17.14.36401.2 d17.14
MinimumVisualStudioVersion = 10.0.40219.1
Project("{FAE04EC0-301F-11D3-BF4B-00C04F79EFBC}") = "CMB-Arrays-Lists-02h40", "CMB-Arrays-Lists-02h40\CMB-Arrays-Lists-02h40.csproj", "{78983E30-70C1-4B86-A847-EE591E12F612}"
EndProject
Global
	GlobalSection(SolutionConfigurationPlatforms) = preSolution
		Debug|Any CPU = Debug|Any CPU
		Release|Any CPU = Release|Any CPU
	EndGlobalSection
	GlobalSection(ProjectConfigurationPlatforms) = postSolution
		{78983E30-70C1-4B86-A847-EE591E12F612}.Debug|Any CPU.ActiveCfg = Debug|Any CPU
		{78983E30-70C1-4B86-A847-EE591E12F612}.Debug|Any CPU.Build.0 = Debug|Any CPU
		{78983E30-70C1-4B86-A847-EE591E12F612}.Release|Any CPU.ActiveCfg = Release|Any CPU
		{78983E30-70C1-4B86-A847-EE591E12F612}.Release|Any CPU.Build.0 = Release|Any CPU
	EndGlobalSection
	GlobalSection(SolutionProperties) = preSolution
		HideSolutionNode = FALSE
	EndGlobalSection
	GlobalSection(ExtensibilityGlobals) = postSolution
		SolutionGuid = {E1BC609D-BA12-47A8-A05B-59599B49425C}
	EndGlobalSection
EndGlobal
